Microsoft Visual Studio Solution File, Format Version 12.00
# Visual Studio Version 17
VisualStudioVersion = 17.0.31903.59
MinimumVisualStudioVersion = 10.0.40219.1
Project("{FAE04EC0-301F-11D3-BF4B-00C04F79EFBC}") = "TaskManager", "TaskManager\TaskManager.csproj", "{B7A2A0F3-9C2C-4F4D-9F90-58E7E3F1C001}"
EndProject
Global
	GlobalSection(SolutionConfigurationPlatforms) = preSolution
		Debug|Any CPU = Debug|Any CPU
		Release|Any CPU = Release|Any CPU
	EndGlobalSection
	GlobalSection(ProjectConfigurationPlatforms) = postSolution
		{B7A2A0F3-9C2C-4F4D-9F90-58E7E3F1C001}.Debug|Any CPU.ActiveCfg = Debug|Any CPU
		{B7A2A0F3-9C2C-4F4D-9F90-58E7E3F1C001}.Debug|Any CPU.Build.0 = Debug|Any CPU
		{B7A2A0F3-9C2C-4F4D-9F90-58E7E3F1C001}.Release|Any CPU.ActiveCfg = Release|Any CPU
		{B7A2A0F3-9C2C-4F4D-9F90-58E7E3F1C001}.Release|Any CPU.Build.0 = Release|Any CPU
	EndGlobalSection
	GlobalSection(SolutionProperties) = preSolution
		HideSolutionNode = FALSE
	EndGlobalSection
EndGlobal
